// !$*UTF8*$!
{
	archiveVersion = 1;
	classes = {
	};
	objectVersion = 56;
	objects = {

/* Begin PBXBuildFile section */
		063169E12BE7EF27000E9E06 /* LandmarksApp.swift in Sources */ = {isa = PBXBuildFile; fileRef = 063169E02BE7EF27000E9E06 /* LandmarksApp.swift */; };
		063169E32BE7EF27000E9E06 /* ContentView.swift in Sources */ = {isa = PBXBuildFile; fileRef = 063169E22BE7EF27000E9E06 /* ContentView.swift */; };
		063169E52BE7EF29000E9E06 /* Assets.xcassets in Resources */ = {isa = PBXBuildFile; fileRef = 063169E42BE7EF29000E9E06 /* Assets.xcassets */; };
		063169E82BE7EF29000E9E06 /* Preview Assets.xcassets in Resources */ = {isa = PBXBuildFile; fileRef = 063169E72BE7EF29000E9E06 /* Preview Assets.xcassets */; };
		063169F42BE7F121000E9E06 /* CircleImage.swift in Sources */ = {isa = PBXBuildFile; fileRef = 063169F32BE7F121000E9E06 /* CircleImage.swift */; };
		063169F72BE7F158000E9E06 /* ModelData.swift in Sources */ = {isa = PBXBuildFile; fileRef = 063169F62BE7F158000E9E06 /* ModelData.swift */; };
		063169F92BE7F19F000E9E06 /* Landmark.swift in Sources */ = {isa = PBXBuildFile; fileRef = 063169F82BE7F19F000E9E06 /* Landmark.swift */; };
		063169FB2BE7F419000E9E06 /* LandmarkDetail.swift in Sources */ = {isa = PBXBuildFile; fileRef = 063169FA2BE7F419000E9E06 /* LandmarkDetail.swift */; };
		063169FD2BE7F426000E9E06 /* LandmarkList.swift in Sources */ = {isa = PBXBuildFile; fileRef = 063169FC2BE7F426000E9E06 /* LandmarkList.swift */; };
		063169FF2BE7F439000E9E06 /* LandmarkRow.swift in Sources */ = {isa = PBXBuildFile; fileRef = 063169FE2BE7F439000E9E06 /* LandmarkRow.swift */; };
		06316A062BE80727000E9E06 /* MapView.swift in Sources */ = {isa = PBXBuildFile; fileRef = 06316A052BE80727000E9E06 /* MapView.swift */; };
		06316A082BE8072E000E9E06 /* FavButton.swift in Sources */ = {isa = PBXBuildFile; fileRef = 06316A072BE8072D000E9E06 /* FavButton.swift */; };
		06316A112BE80983000E9E06 /* Badge.swift in Sources */ = {isa = PBXBuildFile; fileRef = 06316A0C2BE80983000E9E06 /* Badge.swift */; };
		06316A122BE80983000E9E06 /* RotatedBadgeSymbol.swift in Sources */ = {isa = PBXBuildFile; fileRef = 06316A0D2BE80983000E9E06 /* RotatedBadgeSymbol.swift */; };
		06316A132BE80983000E9E06 /* BadgeSymbol.swift in Sources */ = {isa = PBXBuildFile; fileRef = 06316A0E2BE80983000E9E06 /* BadgeSymbol.swift */; };
		06316A142BE80983000E9E06 /* BadgeBackground.swift in Sources */ = {isa = PBXBuildFile; fileRef = 06316A0F2BE80983000E9E06 /* BadgeBackground.swift */; };
		06316A152BE80983000E9E06 /* HexagonParameters.swift in Sources */ = {isa = PBXBuildFile; fileRef = 06316A102BE80983000E9E06 /* HexagonParameters.swift */; };
		06316A1A2BE895E1000E9E06 /* hikeData.json in Resources */ = {isa = PBXBuildFile; fileRef = 06316A192BE895E1000E9E06 /* hikeData.json */; };
		06316A1C2BE89601000E9E06 /* landmarkData.json in Resources */ = {isa = PBXBuildFile; fileRef = 06316A1B2BE89601000E9E06 /* landmarkData.json */; };
		06316A1E2BE8966E000E9E06 /* Hike.swift in Sources */ = {isa = PBXBuildFile; fileRef = 06316A1D2BE8966E000E9E06 /* Hike.swift */; };
		06316A242BE897CE000E9E06 /* GraphCapsule.swift in Sources */ = {isa = PBXBuildFile; fileRef = 06316A1F2BE897CE000E9E06 /* GraphCapsule.swift */; };
		06316A252BE897CE000E9E06 /* HikeDetail.swift in Sources */ = {isa = PBXBuildFile; fileRef = 06316A202BE897CE000E9E06 /* HikeDetail.swift */; };
		06316A262BE897CE000E9E06 /* HikeGraph.swift in Sources */ = {isa = PBXBuildFile; fileRef = 06316A212BE897CE000E9E06 /* HikeGraph.swift */; };
		06316A272BE897CE000E9E06 /* HikeView.swift in Sources */ = {isa = PBXBuildFile; fileRef = 06316A222BE897CE000E9E06 /* HikeView.swift */; };
		06316A2A2BE9C893000E9E06 /* CategoryHome.swift in Sources */ = {isa = PBXBuildFile; fileRef = 06316A292BE9C893000E9E06 /* CategoryHome.swift */; };
		06316A2C2BE9CBD7000E9E06 /* CategoryRow.swift in Sources */ = {isa = PBXBuildFile; fileRef = 06316A2B2BE9CBD7000E9E06 /* CategoryRow.swift */; };
		06316A2E2BEAB78E000E9E06 /* CategoryItem.swift in Sources */ = {isa = PBXBuildFile; fileRef = 06316A2D2BEAB78E000E9E06 /* CategoryItem.swift */; };
		06316A302BEAC232000E9E06 /* Profile.swift in Sources */ = {isa = PBXBuildFile; fileRef = 06316A2F2BEAC232000E9E06 /* Profile.swift */; };
		06316A352BEAC5CE000E9E06 /* ProfileSummary.swift in Sources */ = {isa = PBXBuildFile; fileRef = 06316A342BEAC5CE000E9E06 /* ProfileSummary.swift */; };
		06316A372BEAD123000E9E06 /* HikeBadge.swift in Sources */ = {isa = PBXBuildFile; fileRef = 06316A362BEAD123000E9E06 /* HikeBadge.swift */; };
		06316A3B2BEAD9F5000E9E06 /* ProfileHost.swift in Sources */ = {isa = PBXBuildFile; fileRef = 06316A3A2BEAD9F5000E9E06 /* ProfileHost.swift */; };
		06316A3D2BEAE317000E9E06 /* ProfileEditor.swift in Sources */ = {isa = PBXBuildFile; fileRef = 06316A3C2BEAE317000E9E06 /* ProfileEditor.swift */; };
/* End PBXBuildFile section */

/* Begin PBXFileReference section */
		063169DD2BE7EF27000E9E06 /* Landmarks.app */ = {isa = PBXFileReference; explicitFileType = wrapper.application; includeInIndex = 0; path = Landmarks.app; sourceTree = BUILT_PRODUCTS_DIR; };
		063169E02BE7EF27000E9E06 /* LandmarksApp.swift */ = {isa = PBXFileReference; lastKnownFileType = sourcecode.swift; path = LandmarksApp.swift; sourceTree = "<group>"; };
		063169E22BE7EF27000E9E06 /* ContentView.swift */ = {isa = PBXFileReference; lastKnownFileType = sourcecode.swift; path = ContentView.swift; sourceTree = "<group>"; };
		063169E42BE7EF29000E9E06 /* Assets.xcassets */ = {isa = PBXFileReference; lastKnownFileType = folder.assetcatalog; path = Assets.xcassets; sourceTree = "<group>"; };
		063169E72BE7EF29000E9E06 /* Preview Assets.xcassets */ = {isa = PBXFileReference; lastKnownFileType = folder.assetcatalog; path = "Preview Assets.xcassets"; sourceTree = "<group>"; };
		063169F32BE7F121000E9E06 /* CircleImage.swift */ = {isa = PBXFileReference; lastKnownFileType = sourcecode.swift; path = CircleImage.swift; sourceTree = "<group>"; };
		063169F62BE7F158000E9E06 /* ModelData.swift */ = {isa = PBXFileReference; lastKnownFileType = sourcecode.swift; path = ModelData.swift; sourceTree = "<group>"; };
		063169F82BE7F19F000E9E06 /* Landmark.swift */ = {isa = PBXFileReference; lastKnownFileType = sourcecode.swift; path = Landmark.swift; sourceTree = "<group>"; };
		063169FA2BE7F419000E9E06 /* LandmarkDetail.swift */ = {isa = PBXFileReference; lastKnownFileType = sourcecode.swift; path = LandmarkDetail.swift; sourceTree = "<group>"; };
		063169FC2BE7F426000E9E06 /* LandmarkList.swift */ = {isa = PBXFileReference; lastKnownFileType = sourcecode.swift; path = LandmarkList.swift; sourceTree = "<group>"; };
		063169FE2BE7F439000E9E06 /* LandmarkRow.swift */ = {isa = PBXFileReference; lastKnownFileType = sourcecode.swift; path = LandmarkRow.swift; sourceTree = "<group>"; };
		06316A052BE80727000E9E06 /* MapView.swift */ = {isa = PBXFileReference; fileEncoding = 4; lastKnownFileType = sourcecode.swift; path = MapView.swift; sourceTree = "<group>"; };
		06316A072BE8072D000E9E06 /* FavButton.swift */ = {isa = PBXFileReference; fileEncoding = 4; lastKnownFileType = sourcecode.swift; path = FavButton.swift; sourceTree = "<group>"; };
		06316A0C2BE80983000E9E06 /* Badge.swift */ = {isa = PBXFileReference; fileEncoding = 4; lastKnownFileType = sourcecode.swift; path = Badge.swift; sourceTree = "<group>"; };
		06316A0D2BE80983000E9E06 /* RotatedBadgeSymbol.swift */ = {isa = PBXFileReference; fileEncoding = 4; lastKnownFileType = sourcecode.swift; path = RotatedBadgeSymbol.swift; sourceTree = "<group>"; };
		06316A0E2BE80983000E9E06 /* BadgeSymbol.swift */ = {isa = PBXFileReference; fileEncoding = 4; lastKnownFileType = sourcecode.swift; path = BadgeSymbol.swift; sourceTree = "<group>"; };
		06316A0F2BE80983000E9E06 /* BadgeBackground.swift */ = {isa = PBXFileReference; fileEncoding = 4; lastKnownFileType = sourcecode.swift; path = BadgeBackground.swift; sourceTree = "<group>"; };
		06316A102BE80983000E9E06 /* HexagonParameters.swift */ = {isa = PBXFileReference; fileEncoding = 4; lastKnownFileType = sourcecode.swift; path = HexagonParameters.swift; sourceTree = "<group>"; };
		06316A192BE895E1000E9E06 /* hikeData.json */ = {isa = PBXFileReference; fileEncoding = 4; lastKnownFileType = text.json; path = hikeData.json; sourceTree = "<group>"; };
		06316A1B2BE89601000E9E06 /* landmarkData.json */ = {isa = PBXFileReference; fileEncoding = 4; lastKnownFileType = text.json; path = landmarkData.json; sourceTree = "<group>"; };
		06316A1D2BE8966E000E9E06 /* Hike.swift */ = {isa = PBXFileReference; lastKnownFileType = sourcecode.swift; path = Hike.swift; sourceTree = "<group>"; };
		06316A1F2BE897CE000E9E06 /* GraphCapsule.swift */ = {isa = PBXFileReference; fileEncoding = 4; lastKnownFileType = sourcecode.swift; path = GraphCapsule.swift; sourceTree = "<group>"; };
		06316A202BE897CE000E9E06 /* HikeDetail.swift */ = {isa = PBXFileReference; fileEncoding = 4; lastKnownFileType = sourcecode.swift; path = HikeDetail.swift; sourceTree = "<group>"; };
		06316A212BE897CE000E9E06 /* HikeGraph.swift */ = {isa = PBXFileReference; fileEncoding = 4; lastKnownFileType = sourcecode.swift; path = HikeGraph.swift; sourceTree = "<group>"; };
		06316A222BE897CE000E9E06 /* HikeView.swift */ = {isa = PBXFileReference; fileEncoding = 4; lastKnownFileType = sourcecode.swift; path = HikeView.swift; sourceTree = "<group>"; };
		06316A292BE9C893000E9E06 /* CategoryHome.swift */ = {isa = PBXFileReference; lastKnownFileType = sourcecode.swift; path = CategoryHome.swift; sourceTree = "<group>"; };
		06316A2B2BE9CBD7000E9E06 /* CategoryRow.swift */ = {isa = PBXFileReference; lastKnownFileType = sourcecode.swift; path = CategoryRow.swift; sourceTree = "<group>"; };
		06316A2D2BEAB78E000E9E06 /* CategoryItem.swift */ = {isa = PBXFileReference; lastKnownFileType = sourcecode.swift; path = CategoryItem.swift; sourceTree = "<group>"; };
		06316A2F2BEAC232000E9E06 /* Profile.swift */ = {isa = PBXFileReference; lastKnownFileType = sourcecode.swift; path = Profile.swift; sourceTree = "<group>"; };
		06316A342BEAC5CE000E9E06 /* ProfileSummary.swift */ = {isa = PBXFileReference; lastKnownFileType = sourcecode.swift; path = ProfileSummary.swift; sourceTree = "<group>"; };
		06316A362BEAD123000E9E06 /* HikeBadge.swift */ = {isa = PBXFileReference; lastKnownFileType = sourcecode.swift; path = HikeBadge.swift; sourceTree = "<group>"; };
		06316A3A2BEAD9F5000E9E06 /* ProfileHost.swift */ = {isa = PBXFileReference; lastKnownFileType = sourcecode.swift; path = ProfileHost.swift; sourceTree = "<group>"; };
		06316A3C2BEAE317000E9E06 /* ProfileEditor.swift */ = {isa = PBXFileReference; lastKnownFileType = sourcecode.swift; path = ProfileEditor.swift; sourceTree = "<group>"; };
/* End PBXFileReference section */

/* Begin PBXFrameworksBuildPhase section */
		063169DA2BE7EF27000E9E06 /* Frameworks */ = {
			isa = PBXFrameworksBuildPhase;
			buildActionMask = 2147483647;
			files = (
			);
			runOnlyForDeploymentPostprocessing = 0;
		};
/* End PBXFrameworksBuildPhase section */

/* Begin PBXGroup section */
		063169D42BE7EF27000E9E06 = {
			isa = PBXGroup;
			children = (
				063169DF2BE7EF27000E9E06 /* Landmarks */,
				063169DE2BE7EF27000E9E06 /* Products */,
			);
			sourceTree = "<group>";
		};
		063169DE2BE7EF27000E9E06 /* Products */ = {
			isa = PBXGroup;
			children = (
				063169DD2BE7EF27000E9E06 /* Landmarks.app */,
			);
			name = Products;
			sourceTree = "<group>";
		};
		063169DF2BE7EF27000E9E06 /* Landmarks */ = {
			isa = PBXGroup;
			children = (
				06316A182BE8959F000E9E06 /* Data */,
				063169F52BE7F13E000E9E06 /* Model */,
				063169F02BE7EF9E000E9E06 /* views */,
				063169E02BE7EF27000E9E06 /* LandmarksApp.swift */,
				063169E22BE7EF27000E9E06 /* ContentView.swift */,
				063169E42BE7EF29000E9E06 /* Assets.xcassets */,
				063169E62BE7EF29000E9E06 /* Preview Content */,
			);
			path = Landmarks;
			sourceTree = "<group>";
		};
		063169E62BE7EF29000E9E06 /* Preview Content */ = {
			isa = PBXGroup;
			children = (
				063169E72BE7EF29000E9E06 /* Preview Assets.xcassets */,
			);
			path = "Preview Content";
			sourceTree = "<group>";
		};
		063169F02BE7EF9E000E9E06 /* views */ = {
			isa = PBXGroup;
			children = (
				06316A312BEAC482000E9E06 /* Profiles */,
				06316A282BE9C876000E9E06 /* Category */,
				06316A232BE897CE000E9E06 /* Hikes */,
				06316A092BE807E5000E9E06 /* Badges */,
				06316A022BE8057B000E9E06 /* Helpers */,
				063169FA2BE7F419000E9E06 /* LandmarkDetail.swift */,
				063169FC2BE7F426000E9E06 /* LandmarkList.swift */,
				063169FE2BE7F439000E9E06 /* LandmarkRow.swift */,
			);
			path = views;
			sourceTree = "<group>";
		};
		063169F52BE7F13E000E9E06 /* Model */ = {
			isa = PBXGroup;
			children = (
				063169F62BE7F158000E9E06 /* ModelData.swift */,
				063169F82BE7F19F000E9E06 /* Landmark.swift */,
				06316A1D2BE8966E000E9E06 /* Hike.swift */,
				06316A2F2BEAC232000E9E06 /* Profile.swift */,
			);
			path = Model;
			sourceTree = "<group>";
		};
		06316A022BE8057B000E9E06 /* Helpers */ = {
			isa = PBXGroup;
			children = (
				06316A072BE8072D000E9E06 /* FavButton.swift */,
				06316A052BE80727000E9E06 /* MapView.swift */,
				063169F32BE7F121000E9E06 /* CircleImage.swift */,
			);
			path = Helpers;
			sourceTree = "<group>";
		};
		06316A092BE807E5000E9E06 /* Badges */ = {
			isa = PBXGroup;
			children = (
				06316A0C2BE80983000E9E06 /* Badge.swift */,
				06316A0F2BE80983000E9E06 /* BadgeBackground.swift */,
				06316A0E2BE80983000E9E06 /* BadgeSymbol.swift */,
				06316A102BE80983000E9E06 /* HexagonParameters.swift */,
				06316A0D2BE80983000E9E06 /* RotatedBadgeSymbol.swift */,
				06316A362BEAD123000E9E06 /* HikeBadge.swift */,
			);
			path = Badges;
			sourceTree = "<group>";
		};
		06316A182BE8959F000E9E06 /* Data */ = {
			isa = PBXGroup;
			children = (
				06316A1B2BE89601000E9E06 /* landmarkData.json */,
				06316A192BE895E1000E9E06 /* hikeData.json */,
			);
			path = Data;
			sourceTree = "<group>";
		};
		06316A232BE897CE000E9E06 /* Hikes */ = {
			isa = PBXGroup;
			children = (
				06316A1F2BE897CE000E9E06 /* GraphCapsule.swift */,
				06316A202BE897CE000E9E06 /* HikeDetail.swift */,
				06316A212BE897CE000E9E06 /* HikeGraph.swift */,
				06316A222BE897CE000E9E06 /* HikeView.swift */,
			);
			path = Hikes;
			sourceTree = "<group>";
		};
		06316A282BE9C876000E9E06 /* Category */ = {
			isa = PBXGroup;
			children = (
				06316A292BE9C893000E9E06 /* CategoryHome.swift */,
				06316A2B2BE9CBD7000E9E06 /* CategoryRow.swift */,
				06316A2D2BEAB78E000E9E06 /* CategoryItem.swift */,
			);
			path = Category;
			sourceTree = "<group>";
		};
		06316A312BEAC482000E9E06 /* Profiles */ = {
			isa = PBXGroup;
			children = (
				06316A342BEAC5CE000E9E06 /* ProfileSummary.swift */,
				06316A3A2BEAD9F5000E9E06 /* ProfileHost.swift */,
				06316A3C2BEAE317000E9E06 /* ProfileEditor.swift */,
			);
			path = Profiles;
			sourceTree = "<group>";
		};
/* End PBXGroup section */

/* Begin PBXNativeTarget section */
		063169DC2BE7EF27000E9E06 /* Landmarks */ = {
			isa = PBXNativeTarget;
			buildConfigurationList = 063169EB2BE7EF29000E9E06 /* Build configuration list for PBXNativeTarget "Landmarks" */;
			buildPhases = (
				063169D92BE7EF27000E9E06 /* Sources */,
				063169DA2BE7EF27000E9E06 /* Frameworks */,
				063169DB2BE7EF27000E9E06 /* Resources */,
			);
			buildRules = (
			);
			dependencies = (
			);
			name = Landmarks;
			productName = Landmarks;
			productReference = 063169DD2BE7EF27000E9E06 /* Landmarks.app */;
			productType = "com.apple.product-type.application";
		};
/* End PBXNativeTarget section */

/* Begin PBXProject section */
		063169D52BE7EF27000E9E06 /* Project object */ = {
			isa = PBXProject;
			attributes = {
				BuildIndependentTargetsInParallel = 1;
				LastSwiftUpdateCheck = 1530;
				LastUpgradeCheck = 1530;
				TargetAttributes = {
					063169DC2BE7EF27000E9E06 = {
						CreatedOnToolsVersion = 15.3;
					};
				};
			};
			buildConfigurationList = 063169D82BE7EF27000E9E06 /* Build configuration list for PBXProject "Landmarks" */;
			compatibilityVersion = "Xcode 14.0";
			developmentRegion = en;
			hasScannedForEncodings = 0;
			knownRegions = (
				en,
				Base,
			);
			mainGroup = 063169D42BE7EF27000E9E06;
			productRefGroup = 063169DE2BE7EF27000E9E06 /* Products */;
			projectDirPath = "";
			projectRoot = "";
			targets = (
				063169DC2BE7EF27000E9E06 /* Landmarks */,
			);
		};
/* End PBXProject section */

/* Begin PBXResourcesBuildPhase section */
		063169DB2BE7EF27000E9E06 /* Resources */ = {
			isa = PBXResourcesBuildPhase;
			buildActionMask = 2147483647;
			files = (
				06316A1A2BE895E1000E9E06 /* hikeData.json in Resources */,
				06316A1C2BE89601000E9E06 /* landmarkData.json in Resources */,
				063169E82BE7EF29000E9E06 /* Preview Assets.xcassets in Resources */,
				063169E52BE7EF29000E9E06 /* Assets.xcassets in Resources */,
			);
			runOnlyForDeploymentPostprocessing = 0;
		};
/* End PBXResourcesBuildPhase section */

/* Begin PBXSourcesBuildPhase section */
		063169D92BE7EF27000E9E06 /* Sources */ = {
			isa = PBXSourcesBuildPhase;
			buildActionMask = 2147483647;
			files = (
				06316A2C2BE9CBD7000E9E06 /* CategoryRow.swift in Sources */,
				06316A302BEAC232000E9E06 /* Profile.swift in Sources */,
				06316A152BE80983000E9E06 /* HexagonParameters.swift in Sources */,
				06316A2A2BE9C893000E9E06 /* CategoryHome.swift in Sources */,
				063169E32BE7EF27000E9E06 /* ContentView.swift in Sources */,
				063169F42BE7F121000E9E06 /* CircleImage.swift in Sources */,
				06316A3B2BEAD9F5000E9E06 /* ProfileHost.swift in Sources */,
				06316A242BE897CE000E9E06 /* GraphCapsule.swift in Sources */,
				06316A262BE897CE000E9E06 /* HikeGraph.swift in Sources */,
				06316A112BE80983000E9E06 /* Badge.swift in Sources */,
				063169F72BE7F158000E9E06 /* ModelData.swift in Sources */,
				06316A2E2BEAB78E000E9E06 /* CategoryItem.swift in Sources */,
				06316A082BE8072E000E9E06 /* FavButton.swift in Sources */,
				06316A352BEAC5CE000E9E06 /* ProfileSummary.swift in Sources */,
				06316A1E2BE8966E000E9E06 /* Hike.swift in Sources */,
				06316A132BE80983000E9E06 /* BadgeSymbol.swift in Sources */,
				063169FD2BE7F426000E9E06 /* LandmarkList.swift in Sources */,
				063169E12BE7EF27000E9E06 /* LandmarksApp.swift in Sources */,
				06316A3D2BEAE317000E9E06 /* ProfileEditor.swift in Sources */,
				06316A252BE897CE000E9E06 /* HikeDetail.swift in Sources */,
				06316A272BE897CE000E9E06 /* HikeView.swift in Sources */,
				063169F92BE7F19F000E9E06 /* Landmark.swift in Sources */,
				06316A142BE80983000E9E06 /* BadgeBackground.swift in Sources */,
				06316A372BEAD123000E9E06 /* HikeBadge.swift in Sources */,
				063169FB2BE7F419000E9E06 /* LandmarkDetail.swift in Sources */,
				06316A062BE80727000E9E06 /* MapView.swift in Sources */,
				063169FF2BE7F439000E9E06 /* LandmarkRow.swift in Sources */,
				06316A122BE80983000E9E06 /* RotatedBadgeSymbol.swift in Sources */,
			);
			runOnlyForDeploymentPostprocessing = 0;
		};
/* End PBXSourcesBuildPhase section */

/* Begin XCBuildConfiguration section */
		063169E92BE7EF29000E9E06 /* Debug */ = {
			isa = XCBuildConfiguration;
			buildSettings = {
				ALWAYS_SEARCH_USER_PATHS = NO;
				ASSETCATALOG_COMPILER_GENERATE_SWIFT_ASSET_SYMBOL_EXTENSIONS = YES;
				CLANG_ANALYZER_NONNULL = YES;
				CLANG_ANALYZER_NUMBER_OBJECT_CONVERSION = YES_AGGRESSIVE;
				CLANG_CXX_LANGUAGE_STANDARD = "gnu++20";
				CLANG_ENABLE_MODULES = YES;
				CLANG_ENABLE_OBJC_ARC = YES;
				CLANG_ENABLE_OBJC_WEAK = YES;
				CLANG_WARN_BLOCK_CAPTURE_AUTORELEASING = YES;
				CLANG_WARN_BOOL_CONVERSION = YES;
				CLANG_WARN_COMMA = YES;
				CLANG_WARN_CONSTANT_CONVERSION = YES;
				CLANG_WARN_DEPRECATED_OBJC_IMPLEMENTATIONS = YES;
				CLANG_WARN_DIRECT_OBJC_ISA_USAGE = YES_ERROR;
				CLANG_WARN_DOCUMENTATION_COMMENTS = YES;
				CLANG_WARN_EMPTY_BODY = YES;
				CLANG_WARN_ENUM_CONVERSION = YES;
				CLANG_WARN_INFINITE_RECURSION = YES;
				CLANG_WARN_INT_CONVERSION = YES;
				CLANG_WARN_NON_LITERAL_NULL_CONVERSION = YES;
				CLANG_WARN_OBJC_IMPLICIT_RETAIN_SELF = YES;
				CLANG_WARN_OBJC_LITERAL_CONVERSION = YES;
				CLANG_WARN_OBJC_ROOT_CLASS = YES_ERROR;
				CLANG_WARN_QUOTED_INCLUDE_IN_FRAMEWORK_HEADER = YES;
				CLANG_WARN_RANGE_LOOP_ANALYSIS = YES;
				CLANG_WARN_STRICT_PROTOTYPES = YES;
				CLANG_WARN_SUSPICIOUS_MOVE = YES;
				CLANG_WARN_UNGUARDED_AVAILABILITY = YES_AGGRESSIVE;
				CLANG_WARN_UNREACHABLE_CODE = YES;
				CLANG_WARN__DUPLICATE_METHOD_MATCH = YES;
				COPY_PHASE_STRIP = NO;
				DEBUG_INFORMATION_FORMAT = dwarf;
				ENABLE_STRICT_OBJC_MSGSEND = YES;
				ENABLE_TESTABILITY = YES;
				ENABLE_USER_SCRIPT_SANDBOXING = YES;
				GCC_C_LANGUAGE_STANDARD = gnu17;
				GCC_DYNAMIC_NO_PIC = NO;
				GCC_NO_COMMON_BLOCKS = YES;
				GCC_OPTIMIZATION_LEVEL = 0;
				GCC_PREPROCESSOR_DEFINITIONS = (
					"DEBUG=1",
					"$(inherited)",
				);
				GCC_WARN_64_TO_32_BIT_CONVERSION = YES;
				GCC_WARN_ABOUT_RETURN_TYPE = YES_ERROR;
				GCC_WARN_UNDECLARED_SELECTOR = YES;
				GCC_WARN_UNINITIALIZED_AUTOS = YES_AGGRESSIVE;
				GCC_WARN_UNUSED_FUNCTION = YES;
				GCC_WARN_UNUSED_VARIABLE = YES;
				IPHONEOS_DEPLOYMENT_TARGET = 17.4;
				LOCALIZATION_PREFERS_STRING_CATALOGS = YES;
				MTL_ENABLE_DEBUG_INFO = INCLUDE_SOURCE;
				MTL_FAST_MATH = YES;
				ONLY_ACTIVE_ARCH = YES;
				SDKROOT = iphoneos;
				SWIFT_ACTIVE_COMPILATION_CONDITIONS = "DEBUG $(inherited)";
				SWIFT_OPTIMIZATION_LEVEL = "-Onone";
			};
			name = Debug;
		};
		063169EA2BE7EF29000E9E06 /* Release */ = {
			isa = XCBuildConfiguration;
			buildSettings = {
				ALWAYS_SEARCH_USER_PATHS = NO;
				ASSETCATALOG_COMPILER_GENERATE_SWIFT_ASSET_SYMBOL_EXTENSIONS = YES;
				CLANG_ANALYZER_NONNULL = YES;
				CLANG_ANALYZER_NUMBER_OBJECT_CONVERSION = YES_AGGRESSIVE;
				CLANG_CXX_LANGUAGE_STANDARD = "gnu++20";
				CLANG_ENABLE_MODULES = YES;
				CLANG_ENABLE_OBJC_ARC = YES;
				CLANG_ENABLE_OBJC_WEAK = YES;
				CLANG_WARN_BLOCK_CAPTURE_AUTORELEASING = YES;
				CLANG_WARN_BOOL_CONVERSION = YES;
				CLANG_WARN_COMMA = YES;
				CLANG_WARN_CONSTANT_CONVERSION = YES;
				CLANG_WARN_DEPRECATED_OBJC_IMPLEMENTATIONS = YES;
				CLANG_WARN_DIRECT_OBJC_ISA_USAGE = YES_ERROR;
				CLANG_WARN_DOCUMENTATION_COMMENTS = YES;
				CLANG_WARN_EMPTY_BODY = YES;
				CLANG_WARN_ENUM_CONVERSION = YES;
				CLANG_WARN_INFINITE_RECURSION = YES;
				CLANG_WARN_INT_CONVERSION = YES;
				CLANG_WARN_NON_LITERAL_NULL_CONVERSION = YES;
				CLANG_WARN_OBJC_IMPLICIT_RETAIN_SELF = YES;
				CLANG_WARN_OBJC_LITERAL_CONVERSION = YES;
				CLANG_WARN_OBJC_ROOT_CLASS = YES_ERROR;
				CLANG_WARN_QUOTED_INCLUDE_IN_FRAMEWORK_HEADER = YES;
				CLANG_WARN_RANGE_LOOP_ANALYSIS = YES;
				CLANG_WARN_STRICT_PROTOTYPES = YES;
				CLANG_WARN_SUSPICIOUS_MOVE = YES;
				CLANG_WARN_UNGUARDED_AVAILABILITY = YES_AGGRESSIVE;
				CLANG_WARN_UNREACHABLE_CODE = YES;
				CLANG_WARN__DUPLICATE_METHOD_MATCH = YES;
				COPY_PHASE_STRIP = NO;
				DEBUG_INFORMATION_FORMAT = "dwarf-with-dsym";
				ENABLE_NS_ASSERTIONS = NO;
				ENABLE_STRICT_OBJC_MSGSEND = YES;
				ENABLE_USER_SCRIPT_SANDBOXING = YES;
				GCC_C_LANGUAGE_STANDARD = gnu17;
				GCC_NO_COMMON_BLOCKS = YES;
				GCC_WARN_64_TO_32_BIT_CONVERSION = YES;
				GCC_WARN_ABOUT_RETURN_TYPE = YES_ERROR;
				GCC_WARN_UNDECLARED_SELECTOR = YES;
				GCC_WARN_UNINITIALIZED_AUTOS = YES_AGGRESSIVE;
				GCC_WARN_UNUSED_FUNCTION = YES;
				GCC_WARN_UNUSED_VARIABLE = YES;
				IPHONEOS_DEPLOYMENT_TARGET = 17.4;
				LOCALIZATION_PREFERS_STRING_CATALOGS = YES;
				MTL_ENABLE_DEBUG_INFO = NO;
				MTL_FAST_MATH = YES;
				SDKROOT = iphoneos;
				SWIFT_COMPILATION_MODE = wholemodule;
				VALIDATE_PRODUCT = YES;
			};
			name = Release;
		};
		063169EC2BE7EF29000E9E06 /* Debug */ = {
			isa = XCBuildConfiguration;
			buildSettings = {
				ASSETCATALOG_COMPILER_APPICON_NAME = AppIcon;
				ASSETCATALOG_COMPILER_GLOBAL_ACCENT_COLOR_NAME = AccentColor;
				CODE_SIGN_STYLE = Automatic;
				CURRENT_PROJECT_VERSION = 1;
				DEVELOPMENT_ASSET_PATHS = "\"Landmarks/Preview Content\"";
				ENABLE_PREVIEWS = YES;
				GENERATE_INFOPLIST_FILE = YES;
				INFOPLIST_KEY_UIApplicationSceneManifest_Generation = YES;
				INFOPLIST_KEY_UIApplicationSupportsIndirectInputEvents = YES;
				INFOPLIST_KEY_UILaunchScreen_Generation = YES;
				INFOPLIST_KEY_UISupportedInterfaceOrientations_iPad = "UIInterfaceOrientationPortrait UIInterfaceOrientationPortraitUpsideDown UIInterfaceOrientationLandscapeLeft UIInterfaceOrientationLandscapeRight";
				INFOPLIST_KEY_UISupportedInterfaceOrientations_iPhone = "UIInterfaceOrientationPortrait UIInterfaceOrientationLandscapeLeft UIInterfaceOrientationLandscapeRight";
				LD_RUNPATH_SEARCH_PATHS = (
					"$(inherited)",
					"@executable_path/Frameworks",
				);
				MARKETING_VERSION = 1.0;
				PRODUCT_BUNDLE_IDENTIFIER = naikajb.Landmarks;
				PRODUCT_NAME = "$(TARGET_NAME)";
				SWIFT_EMIT_LOC_STRINGS = YES;
				SWIFT_VERSION = 5.0;
				TARGETED_DEVICE_FAMILY = "1,2";
			};
			name = Debug;
		};
		063169ED2BE7EF29000E9E06 /* Release */ = {
			isa = XCBuildConfiguration;
			buildSettings = {
				ASSETCATALOG_COMPILER_APPICON_NAME = AppIcon;
				ASSETCATALOG_COMPILER_GLOBAL_ACCENT_COLOR_NAME = AccentColor;
				CODE_SIGN_STYLE = Automatic;
				CURRENT_PROJECT_VERSION = 1;
				DEVELOPMENT_ASSET_PATHS = "\"Landmarks/Preview Content\"";
				ENABLE_PREVIEWS = YES;
				GENERATE_INFOPLIST_FILE = YES;
				INFOPLIST_KEY_UIApplicationSceneManifest_Generation = YES;
				INFOPLIST_KEY_UIApplicationSupportsIndirectInputEvents = YES;
				INFOPLIST_KEY_UILaunchScreen_Generation = YES;
				INFOPLIST_KEY_UISupportedInterfaceOrientations_iPad = "UIInterfaceOrientationPortrait UIInterfaceOrientationPortraitUpsideDown UIInterfaceOrientationLandscapeLeft UIInterfaceOrientationLandscapeRight";
				INFOPLIST_KEY_UISupportedInterfaceOrientations_iPhone = "UIInterfaceOrientationPortrait UIInterfaceOrientationLandscapeLeft UIInterfaceOrientationLandscapeRight";
				LD_RUNPATH_SEARCH_PATHS = (
					"$(inherited)",
					"@executable_path/Frameworks",
				);
				MARKETING_VERSION = 1.0;
				PRODUCT_BUNDLE_IDENTIFIER = naikajb.Landmarks;
				PRODUCT_NAME = "$(TARGET_NAME)";
				SWIFT_EMIT_LOC_STRINGS = YES;
				SWIFT_VERSION = 5.0;
				TARGETED_DEVICE_FAMILY = "1,2";
			};
			name = Release;
		};
/* End XCBuildConfiguration section */

/* Begin XCConfigurationList section */
		063169D82BE7EF27000E9E06 /* Build configuration list for PBXProject "Landmarks" */ = {
			isa = XCConfigurationList;
			buildConfigurations = (
				063169E92BE7EF29000E9E06 /* Debug */,
				063169EA2BE7EF29000E9E06 /* Release */,
			);
			defaultConfigurationIsVisible = 0;
			defaultConfigurationName = Release;
		};
		063169EB2BE7EF29000E9E06 /* Build configuration list for PBXNativeTarget "Landmarks" */ = {
			isa = XCConfigurationList;
			buildConfigurations = (
				063169EC2BE7EF29000E9E06 /* Debug */,
				063169ED2BE7EF29000E9E06 /* Release */,
			);
			defaultConfigurationIsVisible = 0;
			defaultConfigurationName = Release;
		};
/* End XCConfigurationList section */
	};
	rootObject = 063169D52BE7EF27000E9E06 /* Project object */;
}
